
Microsoft Visual Studio Solution File, Format Version 12.00
# Visual Studio Version 16
VisualStudioVersion = 16.0.32901.82
MinimumVisualStudioVersion = 10.0.40219.1
Project("{FAE04EC0-301F-11D3-BF4B-00C04F79EFBC}") = "TheLastDefenderGame", "TheLastDefenderGame\TheLastDefenderGame.csproj", "{F479E69B-1EF2-4127-8DEE-6DC45895C02E}"
EndProject
Global
	GlobalSection(SolutionConfigurationPlatforms) = preSolution
		Debug|Any CPU = Debug|Any CPU
		Release|Any CPU = Release|Any CPU
	EndGlobalSection
	GlobalSection(ProjectConfigurationPlatforms) = postSolution
		{F479E69B-1EF2-4127-8DEE-6DC45895C02E}.Debug|Any CPU.ActiveCfg = Debug|Any CPU
		{F479E69B-1EF2-4127-8DEE-6DC45895C02E}.Debug|Any CPU.Build.0 = Debug|Any CPU
		{F479E69B-1EF2-4127-8DEE-6DC45895C02E}.Release|Any CPU.ActiveCfg = Release|Any CPU
		{F479E69B-1EF2-4127-8DEE-6DC45895C02E}.Release|Any CPU.Build.0 = Release|Any CPU
	EndGlobalSection
	GlobalSection(SolutionProperties) = preSolution
		HideSolutionNode = FALSE
	EndGlobalSection
	GlobalSection(ExtensibilityGlobals) = postSolution
		SolutionGuid = {82196F05-9EF4-4EA0-97D1-0865CC8C8F1A}
	EndGlobalSection
EndGlobal
